
Microsoft Visual Studio Solution File, Format Version 11.00
# Visual Studio 2010
Project("{F184B08F-C81C-45F6-A57F-5ABD9991F28F}") = "2", "2\2.vbproj", "{1B78E8E5-A7B9-4691-AFDA-7DCE89448027}"
EndProject
Global
	GlobalSection(SolutionConfigurationPlatforms) = preSolution
		Debug|Any CPU = Debug|Any CPU
		Release|Any CPU = Release|Any CPU
	EndGlobalSection
	GlobalSection(ProjectConfigurationPlatforms) = postSolution
		{1B78E8E5-A7B9-4691-AFDA-7DCE89448027}.Debug|Any CPU.ActiveCfg = Debug|Any CPU
		{1B78E8E5-A7B9-4691-AFDA-7DCE89448027}.Debug|Any CPU.Build.0 = Debug|Any CPU
		{1B78E8E5-A7B9-4691-AFDA-7DCE89448027}.Release|Any CPU.ActiveCfg = Release|Any CPU
		{1B78E8E5-A7B9-4691-AFDA-7DCE89448027}.Release|Any CPU.Build.0 = Release|Any CPU
	EndGlobalSection
	GlobalSection(SolutionProperties) = preSolution
		HideSolutionNode = FALSE
	EndGlobalSection
EndGlobal
