
Microsoft Visual Studio Solution File, Format Version 11.00
# Visual Studio 2010
Project("{FAE04EC0-301F-11D3-BF4B-00C04F79EFBC}") = "la", "la\la.csproj", "{E0C88D58-A733-431B-BAA0-9D98BD48B55D}"
EndProject
Global
	GlobalSection(SolutionConfigurationPlatforms) = preSolution
		Debug|Any CPU = Debug|Any CPU
		Release|Any CPU = Release|Any CPU
	EndGlobalSection
	GlobalSection(ProjectConfigurationPlatforms) = postSolution
		{E0C88D58-A733-431B-BAA0-9D98BD48B55D}.Debug|Any CPU.ActiveCfg = Debug|Any CPU
		{E0C88D58-A733-431B-BAA0-9D98BD48B55D}.Debug|Any CPU.Build.0 = Debug|Any CPU
		{E0C88D58-A733-431B-BAA0-9D98BD48B55D}.Release|Any CPU.ActiveCfg = Release|Any CPU
		{E0C88D58-A733-431B-BAA0-9D98BD48B55D}.Release|Any CPU.Build.0 = Release|Any CPU
	EndGlobalSection
	GlobalSection(SolutionProperties) = preSolution
		HideSolutionNode = FALSE
	EndGlobalSection
EndGlobal
