
Microsoft Visual Studio Solution File, Format Version 11.00
# Visual Studio 2010
Project("{FAE04EC0-301F-11D3-BF4B-00C04F79EFBC}") = "OPWOOFER", "OPWOOFER\OPWOOFER.csproj", "{B3B6B860-6230-417B-BD10-6B3B52C5804C}"
EndProject
Global
	GlobalSection(SolutionConfigurationPlatforms) = preSolution
		Debug|Any CPU = Debug|Any CPU
		Release|Any CPU = Release|Any CPU
	EndGlobalSection
	GlobalSection(ProjectConfigurationPlatforms) = postSolution
		{B3B6B860-6230-417B-BD10-6B3B52C5804C}.Debug|Any CPU.ActiveCfg = Debug|Any CPU
		{B3B6B860-6230-417B-BD10-6B3B52C5804C}.Debug|Any CPU.Build.0 = Debug|Any CPU
		{B3B6B860-6230-417B-BD10-6B3B52C5804C}.Release|Any CPU.ActiveCfg = Release|Any CPU
		{B3B6B860-6230-417B-BD10-6B3B52C5804C}.Release|Any CPU.Build.0 = Release|Any CPU
	EndGlobalSection
	GlobalSection(SolutionProperties) = preSolution
		HideSolutionNode = FALSE
	EndGlobalSection
EndGlobal
