
Microsoft Visual Studio Solution File, Format Version 11.00
# Visual Studio 2010
Project("{FAE04EC0-301F-11D3-BF4B-00C04F79EFBC}") = "loader3", "loader3\loader3.csproj", "{F9BBD6BE-1E87-4A36-B2A7-01486A267434}"
EndProject
Global
	GlobalSection(SolutionConfigurationPlatforms) = preSolution
		Debug|Any CPU = Debug|Any CPU
		Release|Any CPU = Release|Any CPU
	EndGlobalSection
	GlobalSection(ProjectConfigurationPlatforms) = postSolution
		{F9BBD6BE-1E87-4A36-B2A7-01486A267434}.Debug|Any CPU.ActiveCfg = Debug|Any CPU
		{F9BBD6BE-1E87-4A36-B2A7-01486A267434}.Debug|Any CPU.Build.0 = Debug|Any CPU
		{F9BBD6BE-1E87-4A36-B2A7-01486A267434}.Release|Any CPU.ActiveCfg = Release|Any CPU
		{F9BBD6BE-1E87-4A36-B2A7-01486A267434}.Release|Any CPU.Build.0 = Release|Any CPU
	EndGlobalSection
	GlobalSection(SolutionProperties) = preSolution
		HideSolutionNode = FALSE
	EndGlobalSection
EndGlobal
